{
  "originHash": "64db855399237b1bcd26e2e4f22b74a187a97d70e989f36c71b365c62f5b52ce",
  "pins": [
    {
      "identity": "libwebp-xcode",
      "kind": "remoteSourceControl",
      "location": "https://github.com/SDWebImage/libwebp-Xcode.git",
      "state": {
        "revision": "0d60654eeefd5d7d2bef3835804892c40225e8b2",
        "version": "1.5.0"
      }
    },
    {
      "identity": "swift-webp",
      "kind": "remoteSourceControl",
      "location": "https://github.com/ainame/Swift-WebP.git",
      "state": {
        "revision": "3f5895711566ee862e7cff7694867c6f77adf452",
        "version": "0.5.0"
      }
    }
  ],
  "version": 3
}
